
Microsoft Visual Studio Solution File, Format Version 12.00
# Visual Studio Version 16
VisualStudioVersion = 16.0.30114.105
MinimumVisualStudioVersion = 10.0.40219.1
Project("{FAE04EC0-301F-11D3-BF4B-00C04F79EFBC}") = "HandWritten-digits-calculator", "HandWritten-digits-calculator\HandWritten-digits-calculator.csproj", "{F9EF42A7-5C20-4C33-8D60-C372233FAD5F}"
EndProject
Global
	GlobalSection(SolutionConfigurationPlatforms) = preSolution
		Debug|Any CPU = Debug|Any CPU
		Release|Any CPU = Release|Any CPU
	EndGlobalSection
	GlobalSection(ProjectConfigurationPlatforms) = postSolution
		{F9EF42A7-5C20-4C33-8D60-C372233FAD5F}.Debug|Any CPU.ActiveCfg = Debug|Any CPU
		{F9EF42A7-5C20-4C33-8D60-C372233FAD5F}.Debug|Any CPU.Build.0 = Debug|Any CPU
		{F9EF42A7-5C20-4C33-8D60-C372233FAD5F}.Release|Any CPU.ActiveCfg = Release|Any CPU
		{F9EF42A7-5C20-4C33-8D60-C372233FAD5F}.Release|Any CPU.Build.0 = Release|Any CPU
	EndGlobalSection
	GlobalSection(SolutionProperties) = preSolution
		HideSolutionNode = FALSE
	EndGlobalSection
	GlobalSection(ExtensibilityGlobals) = postSolution
		SolutionGuid = {F0DB1037-FAB3-4748-A385-5701416A1F27}
	EndGlobalSection
EndGlobal
